// !$*UTF8*$!
{
	archiveVersion = 1;
	classes = {
	};
	objectVersion = 77;
	objects = {

/* Begin PBXBuildFile section */
		1437A3342DBBB1CE002BB8B9 /* BitCollections in Frameworks */ = {isa = PBXBuildFile; productRef = 1437A3332DBBB1CE002BB8B9 /* BitCollections */; };
		1437A3362DBBB1CE002BB8B9 /* Collections in Frameworks */ = {isa = PBXBuildFile; productRef = 1437A3352DBBB1CE002BB8B9 /* Collections */; };
		1437A3382DBBB1CE002BB8B9 /* DequeModule in Frameworks */ = {isa = PBXBuildFile; productRef = 1437A3372DBBB1CE002BB8B9 /* DequeModule */; };
		1437A33A2DBBB1CE002BB8B9 /* HashTreeCollections in Frameworks */ = {isa = PBXBuildFile; productRef = 1437A3392DBBB1CE002BB8B9 /* HashTreeCollections */; };
		1437A33C2DBBB1CE002BB8B9 /* HeapModule in Frameworks */ = {isa = PBXBuildFile; productRef = 1437A33B2DBBB1CE002BB8B9 /* HeapModule */; };
		1437A3762DBCF1F8002BB8B9 /* UserPersistence in Frameworks */ = {isa = PBXBuildFile; productRef = 1437A3752DBCF1F8002BB8B9 /* UserPersistence */; };
		144B05602DBABB840072E25C /* NetworkLayer in Frameworks */ = {isa = PBXBuildFile; productRef = 144B055F2DBABB840072E25C /* NetworkLayer */; };
/* End PBXBuildFile section */

/* Begin PBXContainerItemProxy section */
		14C215C82DBAB54300D08FDA /* PBXContainerItemProxy */ = {
			isa = PBXContainerItemProxy;
			containerPortal = 14C215A62DBAB54100D08FDA /* Project object */;
			proxyType = 1;
			remoteGlobalIDString = 14C215AD2DBAB54100D08FDA;
			remoteInfo = RandomUser;
		};
		14C215D22DBAB54300D08FDA /* PBXContainerItemProxy */ = {
			isa = PBXContainerItemProxy;
			containerPortal = 14C215A62DBAB54100D08FDA /* Project object */;
			proxyType = 1;
			remoteGlobalIDString = 14C215AD2DBAB54100D08FDA;
			remoteInfo = RandomUser;
		};
/* End PBXContainerItemProxy section */

/* Begin PBXFileReference section */
		14C215AE2DBAB54100D08FDA /* RandomUser.app */ = {isa = PBXFileReference; explicitFileType = wrapper.application; includeInIndex = 0; path = RandomUser.app; sourceTree = BUILT_PRODUCTS_DIR; };
		14C215C72DBAB54300D08FDA /* RandomUserTests.xctest */ = {isa = PBXFileReference; explicitFileType = wrapper.cfbundle; includeInIndex = 0; path = RandomUserTests.xctest; sourceTree = BUILT_PRODUCTS_DIR; };
		14C215D12DBAB54300D08FDA /* RandomUserUITests.xctest */ = {isa = PBXFileReference; explicitFileType = wrapper.cfbundle; includeInIndex = 0; path = RandomUserUITests.xctest; sourceTree = BUILT_PRODUCTS_DIR; };
/* End PBXFileReference section */

/* Begin PBXFileSystemSynchronizedBuildFileExceptionSet section */
		14C215D92DBAB54300D08FDA /* Exceptions for "RandomUser" folder in "RandomUser" target */ = {
			isa = PBXFileSystemSynchronizedBuildFileExceptionSet;
			membershipExceptions = (
				Core/Network,
				Core/UserPersistence,
				Info.plist,
			);
			target = 14C215AD2DBAB54100D08FDA /* RandomUser */;
		};
/* End PBXFileSystemSynchronizedBuildFileExceptionSet section */

/* Begin PBXFileSystemSynchronizedRootGroup section */
		14C215B02DBAB54100D08FDA /* RandomUser */ = {
			isa = PBXFileSystemSynchronizedRootGroup;
			exceptions = (
				14C215D92DBAB54300D08FDA /* Exceptions for "RandomUser" folder in "RandomUser" target */,
			);
			path = RandomUser;
			sourceTree = "<group>";
		};
		14C215CA2DBAB54300D08FDA /* RandomUserTests */ = {
			isa = PBXFileSystemSynchronizedRootGroup;
			path = RandomUserTests;
			sourceTree = "<group>";
		};
		14C215D42DBAB54300D08FDA /* RandomUserUITests */ = {
			isa = PBXFileSystemSynchronizedRootGroup;
			path = RandomUserUITests;
			sourceTree = "<group>";
		};
/* End PBXFileSystemSynchronizedRootGroup section */

/* Begin PBXFrameworksBuildPhase section */
		14C215AB2DBAB54100D08FDA /* Frameworks */ = {
			isa = PBXFrameworksBuildPhase;
			buildActionMask = 2147483647;
			files = (
				1437A33A2DBBB1CE002BB8B9 /* HashTreeCollections in Frameworks */,
				1437A3762DBCF1F8002BB8B9 /* UserPersistence in Frameworks */,
				1437A3362DBBB1CE002BB8B9 /* Collections in Frameworks */,
				1437A3382DBBB1CE002BB8B9 /* DequeModule in Frameworks */,
				1437A3342DBBB1CE002BB8B9 /* BitCollections in Frameworks */,
				1437A33C2DBBB1CE002BB8B9 /* HeapModule in Frameworks */,
				144B05602DBABB840072E25C /* NetworkLayer in Frameworks */,
			);
			runOnlyForDeploymentPostprocessing = 0;
		};
		14C215C42DBAB54300D08FDA /* Frameworks */ = {
			isa = PBXFrameworksBuildPhase;
			buildActionMask = 2147483647;
			files = (
			);
			runOnlyForDeploymentPostprocessing = 0;
		};
		14C215CE2DBAB54300D08FDA /* Frameworks */ = {
			isa = PBXFrameworksBuildPhase;
			buildActionMask = 2147483647;
			files = (
			);
			runOnlyForDeploymentPostprocessing = 0;
		};
/* End PBXFrameworksBuildPhase section */

/* Begin PBXGroup section */
		144B055E2DBABB840072E25C /* Frameworks */ = {
			isa = PBXGroup;
			children = (
			);
			name = Frameworks;
			sourceTree = "<group>";
		};
		14C215A52DBAB54100D08FDA = {
			isa = PBXGroup;
			children = (
				14C215B02DBAB54100D08FDA /* RandomUser */,
				14C215CA2DBAB54300D08FDA /* RandomUserTests */,
				14C215D42DBAB54300D08FDA /* RandomUserUITests */,
				144B055E2DBABB840072E25C /* Frameworks */,
				14C215AF2DBAB54100D08FDA /* Products */,
			);
			sourceTree = "<group>";
		};
		14C215AF2DBAB54100D08FDA /* Products */ = {
			isa = PBXGroup;
			children = (
				14C215AE2DBAB54100D08FDA /* RandomUser.app */,
				14C215C72DBAB54300D08FDA /* RandomUserTests.xctest */,
				14C215D12DBAB54300D08FDA /* RandomUserUITests.xctest */,
			);
			name = Products;
			sourceTree = "<group>";
		};
/* End PBXGroup section */

/* Begin PBXNativeTarget section */
		14C215AD2DBAB54100D08FDA /* RandomUser */ = {
			isa = PBXNativeTarget;
			buildConfigurationList = 14C215DA2DBAB54300D08FDA /* Build configuration list for PBXNativeTarget "RandomUser" */;
			buildPhases = (
				14C215AA2DBAB54100D08FDA /* Sources */,
				14C215AB2DBAB54100D08FDA /* Frameworks */,
				14C215AC2DBAB54100D08FDA /* Resources */,
			);
			buildRules = (
			);
			dependencies = (
			);
			fileSystemSynchronizedGroups = (
				14C215B02DBAB54100D08FDA /* RandomUser */,
			);
			name = RandomUser;
			packageProductDependencies = (
				144B055F2DBABB840072E25C /* NetworkLayer */,
				1437A3332DBBB1CE002BB8B9 /* BitCollections */,
				1437A3352DBBB1CE002BB8B9 /* Collections */,
				1437A3372DBBB1CE002BB8B9 /* DequeModule */,
				1437A3392DBBB1CE002BB8B9 /* HashTreeCollections */,
				1437A33B2DBBB1CE002BB8B9 /* HeapModule */,
				1437A3752DBCF1F8002BB8B9 /* UserPersistence */,
			);
			productName = RandomUser;
			productReference = 14C215AE2DBAB54100D08FDA /* RandomUser.app */;
			productType = "com.apple.product-type.application";
		};
		14C215C62DBAB54300D08FDA /* RandomUserTests */ = {
			isa = PBXNativeTarget;
			buildConfigurationList = 14C215DF2DBAB54300D08FDA /* Build configuration list for PBXNativeTarget "RandomUserTests" */;
			buildPhases = (
				14C215C32DBAB54300D08FDA /* Sources */,
				14C215C42DBAB54300D08FDA /* Frameworks */,
				14C215C52DBAB54300D08FDA /* Resources */,
			);
			buildRules = (
			);
			dependencies = (
				14C215C92DBAB54300D08FDA /* PBXTargetDependency */,
			);
			fileSystemSynchronizedGroups = (
				14C215CA2DBAB54300D08FDA /* RandomUserTests */,
			);
			name = RandomUserTests;
			packageProductDependencies = (
			);
			productName = RandomUserTests;
			productReference = 14C215C72DBAB54300D08FDA /* RandomUserTests.xctest */;
			productType = "com.apple.product-type.bundle.unit-test";
		};
		14C215D02DBAB54300D08FDA /* RandomUserUITests */ = {
			isa = PBXNativeTarget;
			buildConfigurationList = 14C215E22DBAB54300D08FDA /* Build configuration list for PBXNativeTarget "RandomUserUITests" */;
			buildPhases = (
				14C215CD2DBAB54300D08FDA /* Sources */,
				14C215CE2DBAB54300D08FDA /* Frameworks */,
				14C215CF2DBAB54300D08FDA /* Resources */,
			);
			buildRules = (
			);
			dependencies = (
				14C215D32DBAB54300D08FDA /* PBXTargetDependency */,
			);
			fileSystemSynchronizedGroups = (
				14C215D42DBAB54300D08FDA /* RandomUserUITests */,
			);
			name = RandomUserUITests;
			packageProductDependencies = (
			);
			productName = RandomUserUITests;
			productReference = 14C215D12DBAB54300D08FDA /* RandomUserUITests.xctest */;
			productType = "com.apple.product-type.bundle.ui-testing";
		};
/* End PBXNativeTarget section */

/* Begin PBXProject section */
		14C215A62DBAB54100D08FDA /* Project object */ = {
			isa = PBXProject;
			attributes = {
				BuildIndependentTargetsInParallel = 1;
				LastSwiftUpdateCheck = 1610;
				LastUpgradeCheck = 1610;
				TargetAttributes = {
					14C215AD2DBAB54100D08FDA = {
						CreatedOnToolsVersion = 16.1;
					};
					14C215C62DBAB54300D08FDA = {
						CreatedOnToolsVersion = 16.1;
						TestTargetID = 14C215AD2DBAB54100D08FDA;
					};
					14C215D02DBAB54300D08FDA = {
						CreatedOnToolsVersion = 16.1;
						TestTargetID = 14C215AD2DBAB54100D08FDA;
					};
				};
			};
			buildConfigurationList = 14C215A92DBAB54100D08FDA /* Build configuration list for PBXProject "RandomUser" */;
			developmentRegion = en;
			hasScannedForEncodings = 0;
			knownRegions = (
				en,
				Base,
			);
			mainGroup = 14C215A52DBAB54100D08FDA;
			minimizedProjectReferenceProxies = 1;
			packageReferences = (
				1437A3322DBBB1CE002BB8B9 /* XCRemoteSwiftPackageReference "swift-collections" */,
			);
			preferredProjectObjectVersion = 77;
			productRefGroup = 14C215AF2DBAB54100D08FDA /* Products */;
			projectDirPath = "";
			projectRoot = "";
			targets = (
				14C215AD2DBAB54100D08FDA /* RandomUser */,
				14C215C62DBAB54300D08FDA /* RandomUserTests */,
				14C215D02DBAB54300D08FDA /* RandomUserUITests */,
			);
		};
/* End PBXProject section */

/* Begin PBXResourcesBuildPhase section */
		14C215AC2DBAB54100D08FDA /* Resources */ = {
			isa = PBXResourcesBuildPhase;
			buildActionMask = 2147483647;
			files = (
			);
			runOnlyForDeploymentPostprocessing = 0;
		};
		14C215C52DBAB54300D08FDA /* Resources */ = {
			isa = PBXResourcesBuildPhase;
			buildActionMask = 2147483647;
			files = (
			);
			runOnlyForDeploymentPostprocessing = 0;
		};
		14C215CF2DBAB54300D08FDA /* Resources */ = {
			isa = PBXResourcesBuildPhase;
			buildActionMask = 2147483647;
			files = (
			);
			runOnlyForDeploymentPostprocessing = 0;
		};
/* End PBXResourcesBuildPhase section */

/* Begin PBXSourcesBuildPhase section */
		14C215AA2DBAB54100D08FDA /* Sources */ = {
			isa = PBXSourcesBuildPhase;
			buildActionMask = 2147483647;
			files = (
			);
			runOnlyForDeploymentPostprocessing = 0;
		};
		14C215C32DBAB54300D08FDA /* Sources */ = {
			isa = PBXSourcesBuildPhase;
			buildActionMask = 2147483647;
			files = (
			);
			runOnlyForDeploymentPostprocessing = 0;
		};
		14C215CD2DBAB54300D08FDA /* Sources */ = {
			isa = PBXSourcesBuildPhase;
			buildActionMask = 2147483647;
			files = (
			);
			runOnlyForDeploymentPostprocessing = 0;
		};
/* End PBXSourcesBuildPhase section */

/* Begin PBXTargetDependency section */
		14C215C92DBAB54300D08FDA /* PBXTargetDependency */ = {
			isa = PBXTargetDependency;
			target = 14C215AD2DBAB54100D08FDA /* RandomUser */;
			targetProxy = 14C215C82DBAB54300D08FDA /* PBXContainerItemProxy */;
		};
		14C215D32DBAB54300D08FDA /* PBXTargetDependency */ = {
			isa = PBXTargetDependency;
			target = 14C215AD2DBAB54100D08FDA /* RandomUser */;
			targetProxy = 14C215D22DBAB54300D08FDA /* PBXContainerItemProxy */;
		};
/* End PBXTargetDependency section */

/* Begin XCBuildConfiguration section */
		14C215DB2DBAB54300D08FDA /* Debug */ = {
			isa = XCBuildConfiguration;
			buildSettings = {
				ASSETCATALOG_COMPILER_APPICON_NAME = AppIcon;
				ASSETCATALOG_COMPILER_GLOBAL_ACCENT_COLOR_NAME = AccentColor;
				CODE_SIGN_STYLE = Automatic;
				CURRENT_PROJECT_VERSION = 1;
				DEVELOPMENT_TEAM = 6473TLJWBQ;
				GENERATE_INFOPLIST_FILE = YES;
				INFOPLIST_FILE = RandomUser/Info.plist;
				INFOPLIST_KEY_UIApplicationSupportsIndirectInputEvents = YES;
				INFOPLIST_KEY_UILaunchStoryboardName = "";
				INFOPLIST_KEY_UISupportedInterfaceOrientations_iPad = "UIInterfaceOrientationPortrait UIInterfaceOrientationPortraitUpsideDown UIInterfaceOrientationLandscapeLeft UIInterfaceOrientationLandscapeRight";
				INFOPLIST_KEY_UISupportedInterfaceOrientations_iPhone = "UIInterfaceOrientationPortrait UIInterfaceOrientationLandscapeLeft UIInterfaceOrientationLandscapeRight";
				IPHONEOS_DEPLOYMENT_TARGET = 15.6;
				LD_RUNPATH_SEARCH_PATHS = (
					"$(inherited)",
					"@executable_path/Frameworks",
				);
				MARKETING_VERSION = 1.0;
				PRODUCT_BUNDLE_IDENTIFIER = emircan.uzel.RandomUser;
				PRODUCT_NAME = "$(TARGET_NAME)";
				SWIFT_EMIT_LOC_STRINGS = YES;
				SWIFT_VERSION = 5.0;
				TARGETED_DEVICE_FAMILY = "1,2";
			};
			name = Debug;
		};
		14C215DC2DBAB54300D08FDA /* Release */ = {
			isa = XCBuildConfiguration;
			buildSettings = {
				ASSETCATALOG_COMPILER_APPICON_NAME = AppIcon;
				ASSETCATALOG_COMPILER_GLOBAL_ACCENT_COLOR_NAME = AccentColor;
				CODE_SIGN_STYLE = Automatic;
				CURRENT_PROJECT_VERSION = 1;
				DEVELOPMENT_TEAM = 6473TLJWBQ;
				GENERATE_INFOPLIST_FILE = YES;
				INFOPLIST_FILE = RandomUser/Info.plist;
				INFOPLIST_KEY_UIApplicationSupportsIndirectInputEvents = YES;
				INFOPLIST_KEY_UILaunchStoryboardName = "";
				INFOPLIST_KEY_UISupportedInterfaceOrientations_iPad = "UIInterfaceOrientationPortrait UIInterfaceOrientationPortraitUpsideDown UIInterfaceOrientationLandscapeLeft UIInterfaceOrientationLandscapeRight";
				INFOPLIST_KEY_UISupportedInterfaceOrientations_iPhone = "UIInterfaceOrientationPortrait UIInterfaceOrientationLandscapeLeft UIInterfaceOrientationLandscapeRight";
				IPHONEOS_DEPLOYMENT_TARGET = 15.6;
				LD_RUNPATH_SEARCH_PATHS = (
					"$(inherited)",
					"@executable_path/Frameworks",
				);
				MARKETING_VERSION = 1.0;
				PRODUCT_BUNDLE_IDENTIFIER = emircan.uzel.RandomUser;
				PRODUCT_NAME = "$(TARGET_NAME)";
				SWIFT_EMIT_LOC_STRINGS = YES;
				SWIFT_VERSION = 5.0;
				TARGETED_DEVICE_FAMILY = "1,2";
			};
			name = Release;
		};
		14C215DD2DBAB54300D08FDA /* Debug */ = {
			isa = XCBuildConfiguration;
			buildSettings = {
				ALWAYS_SEARCH_USER_PATHS = NO;
				ASSETCATALOG_COMPILER_GENERATE_SWIFT_ASSET_SYMBOL_EXTENSIONS = YES;
				CLANG_ANALYZER_NONNULL = YES;
				CLANG_ANALYZER_NUMBER_OBJECT_CONVERSION = YES_AGGRESSIVE;
				CLANG_CXX_LANGUAGE_STANDARD = "gnu++20";
				CLANG_ENABLE_MODULES = YES;
				CLANG_ENABLE_OBJC_ARC = YES;
				CLANG_ENABLE_OBJC_WEAK = YES;
				CLANG_WARN_BLOCK_CAPTURE_AUTORELEASING = YES;
				CLANG_WARN_BOOL_CONVERSION = YES;
				CLANG_WARN_COMMA = YES;
				CLANG_WARN_CONSTANT_CONVERSION = YES;
				CLANG_WARN_DEPRECATED_OBJC_IMPLEMENTATIONS = YES;
				CLANG_WARN_DIRECT_OBJC_ISA_USAGE = YES_ERROR;
				CLANG_WARN_DOCUMENTATION_COMMENTS = YES;
				CLANG_WARN_EMPTY_BODY = YES;
				CLANG_WARN_ENUM_CONVERSION = YES;
				CLANG_WARN_INFINITE_RECURSION = YES;
				CLANG_WARN_INT_CONVERSION = YES;
				CLANG_WARN_NON_LITERAL_NULL_CONVERSION = YES;
				CLANG_WARN_OBJC_IMPLICIT_RETAIN_SELF = YES;
				CLANG_WARN_OBJC_LITERAL_CONVERSION = YES;
				CLANG_WARN_OBJC_ROOT_CLASS = YES_ERROR;
				CLANG_WARN_QUOTED_INCLUDE_IN_FRAMEWORK_HEADER = YES;
				CLANG_WARN_RANGE_LOOP_ANALYSIS = YES;
				CLANG_WARN_STRICT_PROTOTYPES = YES;
				CLANG_WARN_SUSPICIOUS_MOVE = YES;
				CLANG_WARN_UNGUARDED_AVAILABILITY = YES_AGGRESSIVE;
				CLANG_WARN_UNREACHABLE_CODE = YES;
				CLANG_WARN__DUPLICATE_METHOD_MATCH = YES;
				COPY_PHASE_STRIP = NO;
				DEBUG_INFORMATION_FORMAT = dwarf;
				ENABLE_STRICT_OBJC_MSGSEND = YES;
				ENABLE_TESTABILITY = YES;
				ENABLE_USER_SCRIPT_SANDBOXING = YES;
				GCC_C_LANGUAGE_STANDARD = gnu17;
				GCC_DYNAMIC_NO_PIC = NO;
				GCC_NO_COMMON_BLOCKS = YES;
				GCC_OPTIMIZATION_LEVEL = 0;
				GCC_PREPROCESSOR_DEFINITIONS = (
					"DEBUG=1",
					"$(inherited)",
				);
				GCC_WARN_64_TO_32_BIT_CONVERSION = YES;
				GCC_WARN_ABOUT_RETURN_TYPE = YES_ERROR;
				GCC_WARN_UNDECLARED_SELECTOR = YES;
				GCC_WARN_UNINITIALIZED_AUTOS = YES_AGGRESSIVE;
				GCC_WARN_UNUSED_FUNCTION = YES;
				GCC_WARN_UNUSED_VARIABLE = YES;
				IPHONEOS_DEPLOYMENT_TARGET = 15.6;
				LOCALIZATION_PREFERS_STRING_CATALOGS = YES;
				MTL_ENABLE_DEBUG_INFO = INCLUDE_SOURCE;
				MTL_FAST_MATH = YES;
				ONLY_ACTIVE_ARCH = YES;
				SDKROOT = iphoneos;
				SWIFT_ACTIVE_COMPILATION_CONDITIONS = "DEBUG $(inherited)";
				SWIFT_OPTIMIZATION_LEVEL = "-Onone";
			};
			name = Debug;
		};
		14C215DE2DBAB54300D08FDA /* Release */ = {
			isa = XCBuildConfiguration;
			buildSettings = {
				ALWAYS_SEARCH_USER_PATHS = NO;
				ASSETCATALOG_COMPILER_GENERATE_SWIFT_ASSET_SYMBOL_EXTENSIONS = YES;
				CLANG_ANALYZER_NONNULL = YES;
				CLANG_ANALYZER_NUMBER_OBJECT_CONVERSION = YES_AGGRESSIVE;
				CLANG_CXX_LANGUAGE_STANDARD = "gnu++20";
				CLANG_ENABLE_MODULES = YES;
				CLANG_ENABLE_OBJC_ARC = YES;
				CLANG_ENABLE_OBJC_WEAK = YES;
				CLANG_WARN_BLOCK_CAPTURE_AUTORELEASING = YES;
				CLANG_WARN_BOOL_CONVERSION = YES;
				CLANG_WARN_COMMA = YES;
				CLANG_WARN_CONSTANT_CONVERSION = YES;
				CLANG_WARN_DEPRECATED_OBJC_IMPLEMENTATIONS = YES;
				CLANG_WARN_DIRECT_OBJC_ISA_USAGE = YES_ERROR;
				CLANG_WARN_DOCUMENTATION_COMMENTS = YES;
				CLANG_WARN_EMPTY_BODY = YES;
				CLANG_WARN_ENUM_CONVERSION = YES;
				CLANG_WARN_INFINITE_RECURSION = YES;
				CLANG_WARN_INT_CONVERSION = YES;
				CLANG_WARN_NON_LITERAL_NULL_CONVERSION = YES;
				CLANG_WARN_OBJC_IMPLICIT_RETAIN_SELF = YES;
				CLANG_WARN_OBJC_LITERAL_CONVERSION = YES;
				CLANG_WARN_OBJC_ROOT_CLASS = YES_ERROR;
				CLANG_WARN_QUOTED_INCLUDE_IN_FRAMEWORK_HEADER = YES;
				CLANG_WARN_RANGE_LOOP_ANALYSIS = YES;
				CLANG_WARN_STRICT_PROTOTYPES = YES;
				CLANG_WARN_SUSPICIOUS_MOVE = YES;
				CLANG_WARN_UNGUARDED_AVAILABILITY = YES_AGGRESSIVE;
				CLANG_WARN_UNREACHABLE_CODE = YES;
				CLANG_WARN__DUPLICATE_METHOD_MATCH = YES;
				COPY_PHASE_STRIP = NO;
				DEBUG_INFORMATION_FORMAT = "dwarf-with-dsym";
				ENABLE_NS_ASSERTIONS = NO;
				ENABLE_STRICT_OBJC_MSGSEND = YES;
				ENABLE_USER_SCRIPT_SANDBOXING = YES;
				GCC_C_LANGUAGE_STANDARD = gnu17;
				GCC_NO_COMMON_BLOCKS = YES;
				GCC_WARN_64_TO_32_BIT_CONVERSION = YES;
				GCC_WARN_ABOUT_RETURN_TYPE = YES_ERROR;
				GCC_WARN_UNDECLARED_SELECTOR = YES;
				GCC_WARN_UNINITIALIZED_AUTOS = YES_AGGRESSIVE;
				GCC_WARN_UNUSED_FUNCTION = YES;
				GCC_WARN_UNUSED_VARIABLE = YES;
				IPHONEOS_DEPLOYMENT_TARGET = 15.6;
				LOCALIZATION_PREFERS_STRING_CATALOGS = YES;
				MTL_ENABLE_DEBUG_INFO = NO;
				MTL_FAST_MATH = YES;
				SDKROOT = iphoneos;
				SWIFT_COMPILATION_MODE = wholemodule;
				VALIDATE_PRODUCT = YES;
			};
			name = Release;
		};
		14C215E02DBAB54300D08FDA /* Debug */ = {
			isa = XCBuildConfiguration;
			buildSettings = {
				BUNDLE_LOADER = "$(TEST_HOST)";
				CODE_SIGN_STYLE = Automatic;
				CURRENT_PROJECT_VERSION = 1;
				DEVELOPMENT_TEAM = 6473TLJWBQ;
				GENERATE_INFOPLIST_FILE = YES;
				IPHONEOS_DEPLOYMENT_TARGET = 18.1;
				MARKETING_VERSION = 1.0;
				PRODUCT_BUNDLE_IDENTIFIER = emircan.uzel.RandomUserTests;
				PRODUCT_NAME = "$(TARGET_NAME)";
				SWIFT_EMIT_LOC_STRINGS = NO;
				SWIFT_VERSION = 5.0;
				TARGETED_DEVICE_FAMILY = "1,2";
				TEST_HOST = "$(BUILT_PRODUCTS_DIR)/RandomUser.app/$(BUNDLE_EXECUTABLE_FOLDER_PATH)/RandomUser";
			};
			name = Debug;
		};
		14C215E12DBAB54300D08FDA /* Release */ = {
			isa = XCBuildConfiguration;
			buildSettings = {
				BUNDLE_LOADER = "$(TEST_HOST)";
				CODE_SIGN_STYLE = Automatic;
				CURRENT_PROJECT_VERSION = 1;
				DEVELOPMENT_TEAM = 6473TLJWBQ;
				GENERATE_INFOPLIST_FILE = YES;
				IPHONEOS_DEPLOYMENT_TARGET = 18.1;
				MARKETING_VERSION = 1.0;
				PRODUCT_BUNDLE_IDENTIFIER = emircan.uzel.RandomUserTests;
				PRODUCT_NAME = "$(TARGET_NAME)";
				SWIFT_EMIT_LOC_STRINGS = NO;
				SWIFT_VERSION = 5.0;
				TARGETED_DEVICE_FAMILY = "1,2";
				TEST_HOST = "$(BUILT_PRODUCTS_DIR)/RandomUser.app/$(BUNDLE_EXECUTABLE_FOLDER_PATH)/RandomUser";
			};
			name = Release;
		};
		14C215E32DBAB54300D08FDA /* Debug */ = {
			isa = XCBuildConfiguration;
			buildSettings = {
				CODE_SIGN_STYLE = Automatic;
				CURRENT_PROJECT_VERSION = 1;
				DEVELOPMENT_TEAM = 6473TLJWBQ;
				GENERATE_INFOPLIST_FILE = YES;
				MARKETING_VERSION = 1.0;
				PRODUCT_BUNDLE_IDENTIFIER = emircan.uzel.RandomUserUITests;
				PRODUCT_NAME = "$(TARGET_NAME)";
				SWIFT_EMIT_LOC_STRINGS = NO;
				SWIFT_VERSION = 5.0;
				TARGETED_DEVICE_FAMILY = "1,2";
				TEST_TARGET_NAME = RandomUser;
			};
			name = Debug;
		};
		14C215E42DBAB54300D08FDA /* Release */ = {
			isa = XCBuildConfiguration;
			buildSettings = {
				CODE_SIGN_STYLE = Automatic;
				CURRENT_PROJECT_VERSION = 1;
				DEVELOPMENT_TEAM = 6473TLJWBQ;
				GENERATE_INFOPLIST_FILE = YES;
				MARKETING_VERSION = 1.0;
				PRODUCT_BUNDLE_IDENTIFIER = emircan.uzel.RandomUserUITests;
				PRODUCT_NAME = "$(TARGET_NAME)";
				SWIFT_EMIT_LOC_STRINGS = NO;
				SWIFT_VERSION = 5.0;
				TARGETED_DEVICE_FAMILY = "1,2";
				TEST_TARGET_NAME = RandomUser;
			};
			name = Release;
		};
/* End XCBuildConfiguration section */

/* Begin XCConfigurationList section */
		14C215A92DBAB54100D08FDA /* Build configuration list for PBXProject "RandomUser" */ = {
			isa = XCConfigurationList;
			buildConfigurations = (
				14C215DD2DBAB54300D08FDA /* Debug */,
				14C215DE2DBAB54300D08FDA /* Release */,
			);
			defaultConfigurationIsVisible = 0;
			defaultConfigurationName = Release;
		};
		14C215DA2DBAB54300D08FDA /* Build configuration list for PBXNativeTarget "RandomUser" */ = {
			isa = XCConfigurationList;
			buildConfigurations = (
				14C215DB2DBAB54300D08FDA /* Debug */,
				14C215DC2DBAB54300D08FDA /* Release */,
			);
			defaultConfigurationIsVisible = 0;
			defaultConfigurationName = Release;
		};
		14C215DF2DBAB54300D08FDA /* Build configuration list for PBXNativeTarget "RandomUserTests" */ = {
			isa = XCConfigurationList;
			buildConfigurations = (
				14C215E02DBAB54300D08FDA /* Debug */,
				14C215E12DBAB54300D08FDA /* Release */,
			);
			defaultConfigurationIsVisible = 0;
			defaultConfigurationName = Release;
		};
		14C215E22DBAB54300D08FDA /* Build configuration list for PBXNativeTarget "RandomUserUITests" */ = {
			isa = XCConfigurationList;
			buildConfigurations = (
				14C215E32DBAB54300D08FDA /* Debug */,
				14C215E42DBAB54300D08FDA /* Release */,
			);
			defaultConfigurationIsVisible = 0;
			defaultConfigurationName = Release;
		};
/* End XCConfigurationList section */

/* Begin XCRemoteSwiftPackageReference section */
		1437A3322DBBB1CE002BB8B9 /* XCRemoteSwiftPackageReference "swift-collections" */ = {
			isa = XCRemoteSwiftPackageReference;
			repositoryURL = "https://github.com/apple/swift-collections.git";
			requirement = {
				kind = upToNextMajorVersion;
				minimumVersion = 1.1.4;
			};
		};
/* End XCRemoteSwiftPackageReference section */

/* Begin XCSwiftPackageProductDependency section */
		1437A3332DBBB1CE002BB8B9 /* BitCollections */ = {
			isa = XCSwiftPackageProductDependency;
			package = 1437A3322DBBB1CE002BB8B9 /* XCRemoteSwiftPackageReference "swift-collections" */;
			productName = BitCollections;
		};
		1437A3352DBBB1CE002BB8B9 /* Collections */ = {
			isa = XCSwiftPackageProductDependency;
			package = 1437A3322DBBB1CE002BB8B9 /* XCRemoteSwiftPackageReference "swift-collections" */;
			productName = Collections;
		};
		1437A3372DBBB1CE002BB8B9 /* DequeModule */ = {
			isa = XCSwiftPackageProductDependency;
			package = 1437A3322DBBB1CE002BB8B9 /* XCRemoteSwiftPackageReference "swift-collections" */;
			productName = DequeModule;
		};
		1437A3392DBBB1CE002BB8B9 /* HashTreeCollections */ = {
			isa = XCSwiftPackageProductDependency;
			package = 1437A3322DBBB1CE002BB8B9 /* XCRemoteSwiftPackageReference "swift-collections" */;
			productName = HashTreeCollections;
		};
		1437A33B2DBBB1CE002BB8B9 /* HeapModule */ = {
			isa = XCSwiftPackageProductDependency;
			package = 1437A3322DBBB1CE002BB8B9 /* XCRemoteSwiftPackageReference "swift-collections" */;
			productName = HeapModule;
		};
		1437A3752DBCF1F8002BB8B9 /* UserPersistence */ = {
			isa = XCSwiftPackageProductDependency;
			productName = UserPersistence;
		};
		144B055F2DBABB840072E25C /* NetworkLayer */ = {
			isa = XCSwiftPackageProductDependency;
			productName = NetworkLayer;
		};
/* End XCSwiftPackageProductDependency section */
	};
	rootObject = 14C215A62DBAB54100D08FDA /* Project object */;
}
